target:
  - genotype: 'genotypes.ResBlock'
    pretrained_weight: "experiments/cifar_ten_models/resblock/target_model.pt"
    # pretrained_weight: None
    pretrained_baseline_weight: "experiments/cifar_ten_models/resblock/baseline_model.pt"
    # pretrained_baseline_weight: None
surrogate:
  - genotype: 'genotypes.ResBlock_NAT_D_NIPS'
    # pretrained_weight: None
    pretrained_weight: "final_test/supernet_based/log/resblock_nat_d_nips_seed_1234_Sep 22 16 05 51/surrogate_model.pt"
name:
  'resblock_nat_d_nips'