target:
  - genotype: 'genotypes.ResBlock'
    pretrained_weight: "experiments/cifar_ten_models/resblock/target_model.pt"
    # pretrained_weight: None
    pretrained_baseline_weight: "experiments/cifar_ten_models/resblock/baseline_model.pt"
    # pretrained_baseline_weight: None
surrogate:
  - genotype: 'genotypes.ResBlock_DeepGuiser_NIPS'
    # pretrained_weight: None
    pretrained_weight: "final_test/supernet_based/log/resblock_deepguiser_nips_seed_1234_Sep 22 14 44 14/surrogate_model.pt"
name:
  'resblock_deepguiser_nips'